
Microsoft Visual Studio Solution File, Format Version 12.00
# Visual Studio Version 17
VisualStudioVersion = 17.3.32804.467
MinimumVisualStudioVersion = 10.0.40219.1
Project("{9A19103F-16F7-4668-BE54-9A1E7A4F7556}") = "ChatApplicationServer", "..\ChatApplicationClient\ChatApplicationServer.csproj", "{500E4A4E-1BBB-4978-8AFD-19D21CBFCF39}"
EndProject
Project("{9A19103F-16F7-4668-BE54-9A1E7A4F7556}") = "ChatApplicationClient", "ChatApplicationClient\ChatApplicationClient.csproj", "{01A1053B-BE40-404C-AB26-5C92BC081830}"
EndProject
Global
	GlobalSection(SolutionConfigurationPlatforms) = preSolution
		Debug|Any CPU = Debug|Any CPU
		Release|Any CPU = Release|Any CPU
	EndGlobalSection
	GlobalSection(ProjectConfigurationPlatforms) = postSolution
		{500E4A4E-1BBB-4978-8AFD-19D21CBFCF39}.Debug|Any CPU.ActiveCfg = Debug|Any CPU
		{500E4A4E-1BBB-4978-8AFD-19D21CBFCF39}.Debug|Any CPU.Build.0 = Debug|Any CPU
		{500E4A4E-1BBB-4978-8AFD-19D21CBFCF39}.Release|Any CPU.ActiveCfg = Release|Any CPU
		{500E4A4E-1BBB-4978-8AFD-19D21CBFCF39}.Release|Any CPU.Build.0 = Release|Any CPU
		{01A1053B-BE40-404C-AB26-5C92BC081830}.Debug|Any CPU.ActiveCfg = Debug|Any CPU
		{01A1053B-BE40-404C-AB26-5C92BC081830}.Debug|Any CPU.Build.0 = Debug|Any CPU
		{01A1053B-BE40-404C-AB26-5C92BC081830}.Release|Any CPU.ActiveCfg = Release|Any CPU
		{01A1053B-BE40-404C-AB26-5C92BC081830}.Release|Any CPU.Build.0 = Release|Any CPU
	EndGlobalSection
	GlobalSection(SolutionProperties) = preSolution
		HideSolutionNode = FALSE
	EndGlobalSection
	GlobalSection(ExtensibilityGlobals) = postSolution
		SolutionGuid = {89D5CAEF-9423-4366-88E3-C35E631ACEEF}
	EndGlobalSection
EndGlobal
